
Microsoft Visual Studio Solution File, Format Version 12.00
# Visual Studio Version 16
VisualStudioVersion = 16.0.29709.97
MinimumVisualStudioVersion = 10.0.40219.1
Project("{FAE04EC0-301F-11D3-BF4B-00C04F79EFBC}") = "TheresaLiCharlesAlms_Assign6", "TheresaLiCharlesAlms_Assign6\TheresaLiCharlesAlms_Assign6.csproj", "{9B379085-AF56-470F-9B10-56FA97ADB57A}"
EndProject
Global
	GlobalSection(SolutionConfigurationPlatforms) = preSolution
		Debug|Any CPU = Debug|Any CPU
		Release|Any CPU = Release|Any CPU
	EndGlobalSection
	GlobalSection(ProjectConfigurationPlatforms) = postSolution
		{9B379085-AF56-470F-9B10-56FA97ADB57A}.Debug|Any CPU.ActiveCfg = Debug|Any CPU
		{9B379085-AF56-470F-9B10-56FA97ADB57A}.Debug|Any CPU.Build.0 = Debug|Any CPU
		{9B379085-AF56-470F-9B10-56FA97ADB57A}.Release|Any CPU.ActiveCfg = Release|Any CPU
		{9B379085-AF56-470F-9B10-56FA97ADB57A}.Release|Any CPU.Build.0 = Release|Any CPU
	EndGlobalSection
	GlobalSection(SolutionProperties) = preSolution
		HideSolutionNode = FALSE
	EndGlobalSection
	GlobalSection(ExtensibilityGlobals) = postSolution
		SolutionGuid = {BB57A506-0FC3-4BAE-897D-F6A7AD4C24D2}
	EndGlobalSection
EndGlobal
